
Microsoft Visual Studio Solution File, Format Version 12.00
# Visual Studio 15
VisualStudioVersion = 15.0.28307.136
MinimumVisualStudioVersion = 10.0.40219.1
Project("{FAE04EC0-301F-11D3-BF4B-00C04F79EFBC}") = "19-1", "19-1\19-1.csproj", "{3EF7D471-5E4A-4696-9423-C21E7F3EDDFD}"
EndProject
Global
	GlobalSection(SolutionConfigurationPlatforms) = preSolution
		Debug|Any CPU = Debug|Any CPU
		Release|Any CPU = Release|Any CPU
	EndGlobalSection
	GlobalSection(ProjectConfigurationPlatforms) = postSolution
		{3EF7D471-5E4A-4696-9423-C21E7F3EDDFD}.Debug|Any CPU.ActiveCfg = Debug|Any CPU
		{3EF7D471-5E4A-4696-9423-C21E7F3EDDFD}.Debug|Any CPU.Build.0 = Debug|Any CPU
		{3EF7D471-5E4A-4696-9423-C21E7F3EDDFD}.Release|Any CPU.ActiveCfg = Release|Any CPU
		{3EF7D471-5E4A-4696-9423-C21E7F3EDDFD}.Release|Any CPU.Build.0 = Release|Any CPU
	EndGlobalSection
	GlobalSection(SolutionProperties) = preSolution
		HideSolutionNode = FALSE
	EndGlobalSection
	GlobalSection(ExtensibilityGlobals) = postSolution
		SolutionGuid = {28981D5A-E891-4970-ADDA-113C52D24202}
	EndGlobalSection
EndGlobal
